
Microsoft Visual Studio Solution File, Format Version 12.00
# Visual Studio Version 17
VisualStudioVersion = 17.9.34728.123
MinimumVisualStudioVersion = 10.0.40219.1
Project("{FAE04EC0-301F-11D3-BF4B-00C04F79EFBC}") = "bangazon-be", "bangazon-be.csproj", "{94C5D58D-AECA-487C-900F-BF8BBDBA1ADE}"
EndProject
Global
	GlobalSection(SolutionConfigurationPlatforms) = preSolution
		Debug|Any CPU = Debug|Any CPU
		Release|Any CPU = Release|Any CPU
	EndGlobalSection
	GlobalSection(ProjectConfigurationPlatforms) = postSolution
		{94C5D58D-AECA-487C-900F-BF8BBDBA1ADE}.Debug|Any CPU.ActiveCfg = Debug|Any CPU
		{94C5D58D-AECA-487C-900F-BF8BBDBA1ADE}.Debug|Any CPU.Build.0 = Debug|Any CPU
		{94C5D58D-AECA-487C-900F-BF8BBDBA1ADE}.Release|Any CPU.ActiveCfg = Release|Any CPU
		{94C5D58D-AECA-487C-900F-BF8BBDBA1ADE}.Release|Any CPU.Build.0 = Release|Any CPU
	EndGlobalSection
	GlobalSection(SolutionProperties) = preSolution
		HideSolutionNode = FALSE
	EndGlobalSection
	GlobalSection(ExtensibilityGlobals) = postSolution
		SolutionGuid = {C7082538-BD1B-487C-979C-9ADEBE7263D7}
	EndGlobalSection
EndGlobal
